
Microsoft Visual Studio Solution File, Format Version 12.00
# Visual Studio Version 17
VisualStudioVersion = 17.2.32616.157
MinimumVisualStudioVersion = 10.0.40219.1
Project("{FAE04EC0-301F-11D3-BF4B-00C04F79EFBC}") = "exerciciosTestConhecimento", "exerciciosTestConhecimento\exerciciosTestConhecimento.csproj", "{8779E878-D2BA-4DFC-946C-1712CFD94DDE}"
EndProject
Global
	GlobalSection(SolutionConfigurationPlatforms) = preSolution
		Debug|Any CPU = Debug|Any CPU
		Release|Any CPU = Release|Any CPU
	EndGlobalSection
	GlobalSection(ProjectConfigurationPlatforms) = postSolution
		{8779E878-D2BA-4DFC-946C-1712CFD94DDE}.Debug|Any CPU.ActiveCfg = Debug|Any CPU
		{8779E878-D2BA-4DFC-946C-1712CFD94DDE}.Debug|Any CPU.Build.0 = Debug|Any CPU
		{8779E878-D2BA-4DFC-946C-1712CFD94DDE}.Release|Any CPU.ActiveCfg = Release|Any CPU
		{8779E878-D2BA-4DFC-946C-1712CFD94DDE}.Release|Any CPU.Build.0 = Release|Any CPU
	EndGlobalSection
	GlobalSection(SolutionProperties) = preSolution
		HideSolutionNode = FALSE
	EndGlobalSection
	GlobalSection(ExtensibilityGlobals) = postSolution
		SolutionGuid = {222C0752-8456-47B4-9ACE-FFCAD34E539B}
	EndGlobalSection
EndGlobal
