
Microsoft Visual Studio Solution File, Format Version 12.00
# Visual Studio Version 17
VisualStudioVersion = 17.2.32616.157
MinimumVisualStudioVersion = 10.0.40219.1
Project("{FAE04EC0-301F-11D3-BF4B-00C04F79EFBC}") = "exercicioAula", "exercicioAula\exercicioAula.csproj", "{D0DD3BC9-5F50-431A-9912-02776240473B}"
EndProject
Global
	GlobalSection(SolutionConfigurationPlatforms) = preSolution
		Debug|Any CPU = Debug|Any CPU
		Release|Any CPU = Release|Any CPU
	EndGlobalSection
	GlobalSection(ProjectConfigurationPlatforms) = postSolution
		{D0DD3BC9-5F50-431A-9912-02776240473B}.Debug|Any CPU.ActiveCfg = Debug|Any CPU
		{D0DD3BC9-5F50-431A-9912-02776240473B}.Debug|Any CPU.Build.0 = Debug|Any CPU
		{D0DD3BC9-5F50-431A-9912-02776240473B}.Release|Any CPU.ActiveCfg = Release|Any CPU
		{D0DD3BC9-5F50-431A-9912-02776240473B}.Release|Any CPU.Build.0 = Release|Any CPU
	EndGlobalSection
	GlobalSection(SolutionProperties) = preSolution
		HideSolutionNode = FALSE
	EndGlobalSection
	GlobalSection(ExtensibilityGlobals) = postSolution
		SolutionGuid = {6AF5D034-3311-4EA3-9CB6-45C919C792D2}
	EndGlobalSection
EndGlobal
